# This file is generated by running "yarn install" inside your project.
# Manual changes might be lost - proceed with caution!

__metadata:
  version: 8
  cacheKey: 10c0

"@anthropic-ai/sdk@npm:^0.24.3":
  version: 0.24.3
  resolution: "@anthropic-ai/sdk@npm:0.24.3"
  dependencies:
    "@types/node": "npm:^18.11.18"
    "@types/node-fetch": "npm:^2.6.4"
    abort-controller: "npm:^3.0.0"
    agentkeepalive: "npm:^4.2.1"
    form-data-encoder: "npm:1.7.2"
    formdata-node: "npm:^4.3.2"
    node-fetch: "npm:^2.6.7"
    web-streams-polyfill: "npm:^3.2.1"
  checksum: 10c0/1c73c3df9637522da548d2cddfaf89513dac935c5cdb7c0b3db1c427c069a0de76df935bd189e477822063e9f944360e2d059827d5be4dca33bd388c61e97a30
  languageName: node
  linkType: hard

"@cspotcode/source-map-support@npm:^0.8.0":
  version: 0.8.1
  resolution: "@cspotcode/source-map-support@npm:0.8.1"
  dependencies:
    "@jridgewell/trace-mapping": "npm:0.3.9"
  checksum: 10c0/05c5368c13b662ee4c122c7bfbe5dc0b613416672a829f3e78bc49a357a197e0218d6e74e7c66cfcd04e15a179acab080bd3c69658c9fbefd0e1ccd950a07fc6
  languageName: node
  linkType: hard

"@ecubelabs/tsconfig@npm:^1.1.2":
  version: 1.1.2
  resolution: "@ecubelabs/tsconfig@npm:1.1.2"
  checksum: 10c0/98b18aef40ca370b858c6fd9f98fe52cb13735f5caa7d9fbb6612819712447f65508a34af0e8fe09cfe9dab5ca865f18f6469245ff6eed6a28c94f11d608898b
  languageName: node
  linkType: hard

"@jridgewell/resolve-uri@npm:^3.0.3":
  version: 3.1.2
  resolution: "@jridgewell/resolve-uri@npm:3.1.2"
  checksum: 10c0/d502e6fb516b35032331406d4e962c21fe77cdf1cbdb49c6142bcbd9e30507094b18972778a6e27cbad756209cfe34b1a27729e6fa08a2eb92b33943f680cf1e
  languageName: node
  linkType: hard

"@jridgewell/sourcemap-codec@npm:^1.4.10":
  version: 1.4.15
  resolution: "@jridgewell/sourcemap-codec@npm:1.4.15"
  checksum: 10c0/0c6b5ae663087558039052a626d2d7ed5208da36cfd707dcc5cea4a07cfc918248403dcb5989a8f7afaf245ce0573b7cc6fd94c4a30453bd10e44d9363940ba5
  languageName: node
  linkType: hard

"@jridgewell/trace-mapping@npm:0.3.9":
  version: 0.3.9
  resolution: "@jridgewell/trace-mapping@npm:0.3.9"
  dependencies:
    "@jridgewell/resolve-uri": "npm:^3.0.3"
    "@jridgewell/sourcemap-codec": "npm:^1.4.10"
  checksum: 10c0/fa425b606d7c7ee5bfa6a31a7b050dd5814b4082f318e0e4190f991902181b4330f43f4805db1dd4f2433fd0ed9cc7a7b9c2683f1deeab1df1b0a98b1e24055b
  languageName: node
  linkType: hard

"@octokit/auth-token@npm:^5.0.0":
  version: 5.1.1
  resolution: "@octokit/auth-token@npm:5.1.1"
  checksum: 10c0/1e6117c5170de9a5532ffb85e0bda153f4dffdd66871c42de952828eddd9029fe5161a2a8bf20b57f0d45c80f8fb9ddc69aa639e0fa6b776829efb1b0881b154
  languageName: node
  linkType: hard

"@octokit/core@npm:^6.1.2":
  version: 6.1.2
  resolution: "@octokit/core@npm:6.1.2"
  dependencies:
    "@octokit/auth-token": "npm:^5.0.0"
    "@octokit/graphql": "npm:^8.0.0"
    "@octokit/request": "npm:^9.0.0"
    "@octokit/request-error": "npm:^6.0.1"
    "@octokit/types": "npm:^13.0.0"
    before-after-hook: "npm:^3.0.2"
    universal-user-agent: "npm:^7.0.0"
  checksum: 10c0/f73be16a8013f69197b7744de75537d869f3a2061dda25dcde746d23b87f305bbdc7adbfe044ab0755eec32e6d54d61c73f4ca788d214eba8e88648a3133733e
  languageName: node
  linkType: hard

"@octokit/endpoint@npm:^10.0.0":
  version: 10.1.1
  resolution: "@octokit/endpoint@npm:10.1.1"
  dependencies:
    "@octokit/types": "npm:^13.0.0"
    universal-user-agent: "npm:^7.0.2"
  checksum: 10c0/946517241b33db075e7b3fd8abc6952b9e32be312197d07d415dbefb35b93d26afd508f64315111de7cabc2638d4790a9b0b366cf6cc201de5ec6997c7944c8b
  languageName: node
  linkType: hard

"@octokit/graphql@npm:^8.0.0":
  version: 8.1.1
  resolution: "@octokit/graphql@npm:8.1.1"
  dependencies:
    "@octokit/request": "npm:^9.0.0"
    "@octokit/types": "npm:^13.0.0"
    universal-user-agent: "npm:^7.0.0"
  checksum: 10c0/fe68b89b21416f56bc9c0d19bba96a9a8ee567312b6fb764b05ea0649a5e44bec71665a0013e7c34304eb77c20ad7e7a7cf43b87ea27c280350229d71034c131
  languageName: node
  linkType: hard

"@octokit/openapi-types@npm:^22.2.0":
  version: 22.2.0
  resolution: "@octokit/openapi-types@npm:22.2.0"
  checksum: 10c0/a45bfc735611e836df0729f5922bbd5811d401052b972d1e3bc1278a2d2403e00f4552ce9d1f2793f77f167d212da559c5cb9f1b02c935114ad6d898779546ee
  languageName: node
  linkType: hard

"@octokit/plugin-paginate-rest@npm:^11.0.0":
  version: 11.3.3
  resolution: "@octokit/plugin-paginate-rest@npm:11.3.3"
  dependencies:
    "@octokit/types": "npm:^13.5.0"
  peerDependencies:
    "@octokit/core": ">=6"
  checksum: 10c0/f1fd41e0ae47d6813d283e0e4ab89f4a9d55dbc8ec1a44b5bb00355007e5260db124a10f94b34a86b0305a1adda61c35cd57c0914c7c093c05f93199be87459e
  languageName: node
  linkType: hard

"@octokit/plugin-request-log@npm:^5.1.0":
  version: 5.3.0
  resolution: "@octokit/plugin-request-log@npm:5.3.0"
  peerDependencies:
    "@octokit/core": ">=6"
  checksum: 10c0/a20876ea9f58f2e5a58a0c0f95492d8021599c843de44f5754e8006212a97cdf502712ffd6c38d165a74e2eeb4b1f6361d4a0171faed34ed445d63b48830038c
  languageName: node
  linkType: hard

"@octokit/plugin-rest-endpoint-methods@npm:^13.0.0":
  version: 13.2.4
  resolution: "@octokit/plugin-rest-endpoint-methods@npm:13.2.4"
  dependencies:
    "@octokit/types": "npm:^13.5.0"
  peerDependencies:
    "@octokit/core": ">=6"
  checksum: 10c0/7a63b37bb1eb9972e3cc2cf6e6b53ad5c14152767420a7f9ec4ccf2557b411fd0df442cf98866fa09ebbd39f1e69b688730feaf3cfd4056713e73a33c40ed04f
  languageName: node
  linkType: hard

"@octokit/request-error@npm:^6.0.1":
  version: 6.1.1
  resolution: "@octokit/request-error@npm:6.1.1"
  dependencies:
    "@octokit/types": "npm:^13.0.0"
  checksum: 10c0/55b61da0b2dc05d64862f6ca34ee4eed25b82a30d32da77f8fa11e90b30d0cd454817802e47263e8a171e215ccc41e2e2a9668baa6eed0d686aeac0aabc4cb4a
  languageName: node
  linkType: hard

"@octokit/request@npm:^9.0.0":
  version: 9.1.1
  resolution: "@octokit/request@npm:9.1.1"
  dependencies:
    "@octokit/endpoint": "npm:^10.0.0"
    "@octokit/request-error": "npm:^6.0.1"
    "@octokit/types": "npm:^13.1.0"
    universal-user-agent: "npm:^7.0.2"
  checksum: 10c0/60ad38ffc07b7f8148d146182da9dbcedffb0394ccea583272ac1cb92ede764039273960b449e8591fbf909f30d45e76840713e8533b5fe34140d1dbd2214948
  languageName: node
  linkType: hard

"@octokit/rest@npm:^21.0.0":
  version: 21.0.0
  resolution: "@octokit/rest@npm:21.0.0"
  dependencies:
    "@octokit/core": "npm:^6.1.2"
    "@octokit/plugin-paginate-rest": "npm:^11.0.0"
    "@octokit/plugin-request-log": "npm:^5.1.0"
    "@octokit/plugin-rest-endpoint-methods": "npm:^13.0.0"
  checksum: 10c0/05f32338479abaae26c5e5418b2667710830e664edafb0c735740ad1ae5dc25e7c0ea9ef9b7f96d00b81c70c78bbf6e86b9048617a8e9c8f02b4f890dc4bc51a
  languageName: node
  linkType: hard

"@octokit/types@npm:^13.0.0, @octokit/types@npm:^13.1.0, @octokit/types@npm:^13.5.0":
  version: 13.5.0
  resolution: "@octokit/types@npm:13.5.0"
  dependencies:
    "@octokit/openapi-types": "npm:^22.2.0"
  checksum: 10c0/355ebc6776ce23feace1b1be0927cdda758790fda83068109c4f27b354dcd43d0447d4dc24e5eafdb596465469ea1baed23f3fd63adfec508cc375ccd1dcb0a3
  languageName: node
  linkType: hard

"@tsconfig/node10@npm:^1.0.7":
  version: 1.0.11
  resolution: "@tsconfig/node10@npm:1.0.11"
  checksum: 10c0/28a0710e5d039e0de484bdf85fee883bfd3f6a8980601f4d44066b0a6bcd821d31c4e231d1117731c4e24268bd4cf2a788a6787c12fc7f8d11014c07d582783c
  languageName: node
  linkType: hard

"@tsconfig/node12@npm:^1.0.7":
  version: 1.0.11
  resolution: "@tsconfig/node12@npm:1.0.11"
  checksum: 10c0/dddca2b553e2bee1308a056705103fc8304e42bb2d2cbd797b84403a223b25c78f2c683ec3e24a095e82cd435387c877239bffcb15a590ba817cd3f6b9a99fd9
  languageName: node
  linkType: hard

"@tsconfig/node14@npm:^1.0.0":
  version: 1.0.3
  resolution: "@tsconfig/node14@npm:1.0.3"
  checksum: 10c0/67c1316d065fdaa32525bc9449ff82c197c4c19092b9663b23213c8cbbf8d88b6ed6a17898e0cbc2711950fbfaf40388938c1c748a2ee89f7234fc9e7fe2bf44
  languageName: node
  linkType: hard

"@tsconfig/node16@npm:^1.0.2":
  version: 1.0.4
  resolution: "@tsconfig/node16@npm:1.0.4"
  checksum: 10c0/05f8f2734e266fb1839eb1d57290df1664fe2aa3b0fdd685a9035806daa635f7519bf6d5d9b33f6e69dd545b8c46bd6e2b5c79acb2b1f146e885f7f11a42a5bb
  languageName: node
  linkType: hard

"@types/node-fetch@npm:^2.6.4":
  version: 2.6.11
  resolution: "@types/node-fetch@npm:2.6.11"
  dependencies:
    "@types/node": "npm:*"
    form-data: "npm:^4.0.0"
  checksum: 10c0/5283d4e0bcc37a5b6d8e629aee880a4ffcfb33e089f4b903b2981b19c623972d1e64af7c3f9540ab990f0f5c89b9b5dda19c5bcb37a8e177079e93683bfd2f49
  languageName: node
  linkType: hard

"@types/node@npm:*, @types/node@npm:^20.14.9":
  version: 20.14.9
  resolution: "@types/node@npm:20.14.9"
  dependencies:
    undici-types: "npm:~5.26.4"
  checksum: 10c0/911ffa444dc032897f4a23ed580c67903bd38ea1c5ec99b1d00fa10b83537a3adddef8e1f29710cbdd8e556a61407ed008e06537d834e48caf449ce59f87d387
  languageName: node
  linkType: hard

"@types/node@npm:^18.11.18":
  version: 18.19.39
  resolution: "@types/node@npm:18.19.39"
  dependencies:
    undici-types: "npm:~5.26.4"
  checksum: 10c0/a9eb33bc093beba6bd5d4e839de7d1d1f496cd7e741c2f6c7161318dba0f37227bb25d8306907194992488d6c59a7363a419d72298549483d33402227a2d435b
  languageName: node
  linkType: hard

"abort-controller@npm:^3.0.0":
  version: 3.0.0
  resolution: "abort-controller@npm:3.0.0"
  dependencies:
    event-target-shim: "npm:^5.0.0"
  checksum: 10c0/90ccc50f010250152509a344eb2e71977fbf8db0ab8f1061197e3275ddf6c61a41a6edfd7b9409c664513131dd96e962065415325ef23efa5db931b382d24ca5
  languageName: node
  linkType: hard

"acorn-walk@npm:^8.1.1":
  version: 8.3.3
  resolution: "acorn-walk@npm:8.3.3"
  dependencies:
    acorn: "npm:^8.11.0"
  checksum: 10c0/4a9e24313e6a0a7b389e712ba69b66b455b4cb25988903506a8d247e7b126f02060b05a8a5b738a9284214e4ca95f383dd93443a4ba84f1af9b528305c7f243b
  languageName: node
  linkType: hard

"acorn@npm:^8.11.0, acorn@npm:^8.4.1":
  version: 8.12.0
  resolution: "acorn@npm:8.12.0"
  bin:
    acorn: bin/acorn
  checksum: 10c0/a19f9dead009d3b430fa3c253710b47778cdaace15b316de6de93a68c355507bc1072a9956372b6c990cbeeb167d4a929249d0faeb8ae4bb6911d68d53299549
  languageName: node
  linkType: hard

"agentkeepalive@npm:^4.2.1":
  version: 4.5.0
  resolution: "agentkeepalive@npm:4.5.0"
  dependencies:
    humanize-ms: "npm:^1.2.1"
  checksum: 10c0/394ea19f9710f230722996e156607f48fdf3a345133b0b1823244b7989426c16019a428b56c82d3eabef616e938812981d9009f4792ecc66bd6a59e991c62612
  languageName: node
  linkType: hard

"arg@npm:^4.1.0":
  version: 4.1.3
  resolution: "arg@npm:4.1.3"
  checksum: 10c0/070ff801a9d236a6caa647507bdcc7034530604844d64408149a26b9e87c2f97650055c0f049abd1efc024b334635c01f29e0b632b371ac3f26130f4cf65997a
  languageName: node
  linkType: hard

"asynckit@npm:^0.4.0":
  version: 0.4.0
  resolution: "asynckit@npm:0.4.0"
  checksum: 10c0/d73e2ddf20c4eb9337e1b3df1a0f6159481050a5de457c55b14ea2e5cb6d90bb69e004c9af54737a5ee0917fcf2c9e25de67777bbe58261847846066ba75bc9d
  languageName: node
  linkType: hard

"axios@npm:^1.7.2":
  version: 1.7.2
  resolution: "axios@npm:1.7.2"
  dependencies:
    follow-redirects: "npm:^1.15.6"
    form-data: "npm:^4.0.0"
    proxy-from-env: "npm:^1.1.0"
  checksum: 10c0/cbd47ce380fe045313364e740bb03b936420b8b5558c7ea36a4563db1258c658f05e40feb5ddd41f6633fdd96d37ac2a76f884dad599c5b0224b4c451b3fa7ae
  languageName: node
  linkType: hard

"balanced-match@npm:^1.0.0":
  version: 1.0.2
  resolution: "balanced-match@npm:1.0.2"
  checksum: 10c0/9308baf0a7e4838a82bbfd11e01b1cb0f0cf2893bc1676c27c2a8c0e70cbae1c59120c3268517a8ae7fb6376b4639ef81ca22582611dbee4ed28df945134aaee
  languageName: node
  linkType: hard

"before-after-hook@npm:^3.0.2":
  version: 3.0.2
  resolution: "before-after-hook@npm:3.0.2"
  checksum: 10c0/dea640f9e88a1085372c9bcc974b7bf379267490693da92ec102a7d8b515dd1e95f00ef575a146b83ca638104c57406c3427d37bdf082f602dde4b56d05bba14
  languageName: node
  linkType: hard

"brace-expansion@npm:^2.0.1":
  version: 2.0.1
  resolution: "brace-expansion@npm:2.0.1"
  dependencies:
    balanced-match: "npm:^1.0.0"
  checksum: 10c0/b358f2fe060e2d7a87aa015979ecea07f3c37d4018f8d6deb5bd4c229ad3a0384fe6029bb76cd8be63c81e516ee52d1a0673edbe2023d53a5191732ae3c3e49f
  languageName: node
  linkType: hard

"combined-stream@npm:^1.0.8":
  version: 1.0.8
  resolution: "combined-stream@npm:1.0.8"
  dependencies:
    delayed-stream: "npm:~1.0.0"
  checksum: 10c0/0dbb829577e1b1e839fa82b40c07ffaf7de8a09b935cadd355a73652ae70a88b4320db322f6634a4ad93424292fa80973ac6480986247f1734a1137debf271d5
  languageName: node
  linkType: hard

"create-require@npm:^1.1.0":
  version: 1.1.1
  resolution: "create-require@npm:1.1.1"
  checksum: 10c0/157cbc59b2430ae9a90034a5f3a1b398b6738bf510f713edc4d4e45e169bc514d3d99dd34d8d01ca7ae7830b5b8b537e46ae8f3c8f932371b0875c0151d7ec91
  languageName: node
  linkType: hard

"delayed-stream@npm:~1.0.0":
  version: 1.0.0
  resolution: "delayed-stream@npm:1.0.0"
  checksum: 10c0/d758899da03392e6712f042bec80aa293bbe9e9ff1b2634baae6a360113e708b91326594c8a486d475c69d6259afb7efacdc3537bfcda1c6c648e390ce601b19
  languageName: node
  linkType: hard

"diff@npm:^4.0.1":
  version: 4.0.2
  resolution: "diff@npm:4.0.2"
  checksum: 10c0/81b91f9d39c4eaca068eb0c1eb0e4afbdc5bb2941d197f513dd596b820b956fef43485876226d65d497bebc15666aa2aa82c679e84f65d5f2bfbf14ee46e32c1
  languageName: node
  linkType: hard

"dotenv@npm:^16.4.5":
  version: 16.4.5
  resolution: "dotenv@npm:16.4.5"
  checksum: 10c0/48d92870076832af0418b13acd6e5a5a3e83bb00df690d9812e94b24aff62b88ade955ac99a05501305b8dc8f1b0ee7638b18493deb6fe93d680e5220936292f
  languageName: node
  linkType: hard

"event-target-shim@npm:^5.0.0":
  version: 5.0.1
  resolution: "event-target-shim@npm:5.0.1"
  checksum: 10c0/0255d9f936215fd206156fd4caa9e8d35e62075d720dc7d847e89b417e5e62cf1ce6c9b4e0a1633a9256de0efefaf9f8d26924b1f3c8620cffb9db78e7d3076b
  languageName: node
  linkType: hard

"follow-redirects@npm:^1.15.6":
  version: 1.15.6
  resolution: "follow-redirects@npm:1.15.6"
  peerDependenciesMeta:
    debug:
      optional: true
  checksum: 10c0/9ff767f0d7be6aa6870c82ac79cf0368cd73e01bbc00e9eb1c2a16fbb198ec105e3c9b6628bb98e9f3ac66fe29a957b9645bcb9a490bb7aa0d35f908b6b85071
  languageName: node
  linkType: hard

"form-data-encoder@npm:1.7.2":
  version: 1.7.2
  resolution: "form-data-encoder@npm:1.7.2"
  checksum: 10c0/56553768037b6d55d9de524f97fe70555f0e415e781cb56fc457a68263de3d40fadea2304d4beef2d40b1a851269bd7854e42c362107071892cb5238debe9464
  languageName: node
  linkType: hard

"form-data@npm:^4.0.0":
  version: 4.0.0
  resolution: "form-data@npm:4.0.0"
  dependencies:
    asynckit: "npm:^0.4.0"
    combined-stream: "npm:^1.0.8"
    mime-types: "npm:^2.1.12"
  checksum: 10c0/cb6f3ac49180be03ff07ba3ff125f9eba2ff0b277fb33c7fc47569fc5e616882c5b1c69b9904c4c4187e97dd0419dd03b134174756f296dec62041e6527e2c6e
  languageName: node
  linkType: hard

"formdata-node@npm:^4.3.2":
  version: 4.4.1
  resolution: "formdata-node@npm:4.4.1"
  dependencies:
    node-domexception: "npm:1.0.0"
    web-streams-polyfill: "npm:4.0.0-beta.3"
  checksum: 10c0/74151e7b228ffb33b565cec69182694ad07cc3fdd9126a8240468bb70a8ba66e97e097072b60bcb08729b24c7ce3fd3e0bd7f1f80df6f9f662b9656786e76f6a
  languageName: node
  linkType: hard

"humanize-ms@npm:^1.2.1":
  version: 1.2.1
  resolution: "humanize-ms@npm:1.2.1"
  dependencies:
    ms: "npm:^2.0.0"
  checksum: 10c0/f34a2c20161d02303c2807badec2f3b49cbfbbb409abd4f95a07377ae01cfe6b59e3d15ac609cffcd8f2521f0eb37b7e1091acf65da99aa2a4f1ad63c21e7e7a
  languageName: node
  linkType: hard

"llmReview@workspace:.":
  version: 0.0.0-use.local
  resolution: "llmReview@workspace:."
  dependencies:
    "@anthropic-ai/sdk": "npm:^0.24.3"
    "@ecubelabs/tsconfig": "npm:^1.1.2"
    "@octokit/rest": "npm:^21.0.0"
    "@types/node": "npm:^20.14.9"
    axios: "npm:^1.7.2"
    dotenv: "npm:^16.4.5"
    minimatch: "npm:^9.0.5"
    parse-diff: "npm:^0.11.1"
    ts-node: "npm:^10.9.2"
    typescript: "npm:^5.5.3"
  languageName: unknown
  linkType: soft

"make-error@npm:^1.1.1":
  version: 1.3.6
  resolution: "make-error@npm:1.3.6"
  checksum: 10c0/171e458d86854c6b3fc46610cfacf0b45149ba043782558c6875d9f42f222124384ad0b468c92e996d815a8a2003817a710c0a160e49c1c394626f76fa45396f
  languageName: node
  linkType: hard

"mime-db@npm:1.52.0":
  version: 1.52.0
  resolution: "mime-db@npm:1.52.0"
  checksum: 10c0/0557a01deebf45ac5f5777fe7740b2a5c309c6d62d40ceab4e23da9f821899ce7a900b7ac8157d4548ddbb7beffe9abc621250e6d182b0397ec7f10c7b91a5aa
  languageName: node
  linkType: hard

"mime-types@npm:^2.1.12":
  version: 2.1.35
  resolution: "mime-types@npm:2.1.35"
  dependencies:
    mime-db: "npm:1.52.0"
  checksum: 10c0/82fb07ec56d8ff1fc999a84f2f217aa46cb6ed1033fefaabd5785b9a974ed225c90dc72fff460259e66b95b73648596dbcc50d51ed69cdf464af2d237d3149b2
  languageName: node
  linkType: hard

"minimatch@npm:^9.0.5":
  version: 9.0.5
  resolution: "minimatch@npm:9.0.5"
  dependencies:
    brace-expansion: "npm:^2.0.1"
  checksum: 10c0/de96cf5e35bdf0eab3e2c853522f98ffbe9a36c37797778d2665231ec1f20a9447a7e567cb640901f89e4daaa95ae5d70c65a9e8aa2bb0019b6facbc3c0575ed
  languageName: node
  linkType: hard

"ms@npm:^2.0.0":
  version: 2.1.3
  resolution: "ms@npm:2.1.3"
  checksum: 10c0/d924b57e7312b3b63ad21fc5b3dc0af5e78d61a1fc7cfb5457edaf26326bf62be5307cc87ffb6862ef1c2b33b0233cdb5d4f01c4c958cc0d660948b65a287a48
  languageName: node
  linkType: hard

"node-domexception@npm:1.0.0":
  version: 1.0.0
  resolution: "node-domexception@npm:1.0.0"
  checksum: 10c0/5e5d63cda29856402df9472335af4bb13875e1927ad3be861dc5ebde38917aecbf9ae337923777af52a48c426b70148815e890a5d72760f1b4d758cc671b1a2b
  languageName: node
  linkType: hard

"node-fetch@npm:^2.6.7":
  version: 2.7.0
  resolution: "node-fetch@npm:2.7.0"
  dependencies:
    whatwg-url: "npm:^5.0.0"
  peerDependencies:
    encoding: ^0.1.0
  peerDependenciesMeta:
    encoding:
      optional: true
  checksum: 10c0/b55786b6028208e6fbe594ccccc213cab67a72899c9234eb59dba51062a299ea853210fcf526998eaa2867b0963ad72338824450905679ff0fa304b8c5093ae8
  languageName: node
  linkType: hard

"parse-diff@npm:^0.11.1":
  version: 0.11.1
  resolution: "parse-diff@npm:0.11.1"
  checksum: 10c0/b8a488039f535e0ddaf1cfd4a13c2adc6d142f4e6263de6dc603f9762b59da89703a8f0dc8aacb7c7c66cdbdd2d075a57c63813fb74f66c9b8f5fe8ad2e89689
  languageName: node
  linkType: hard

"proxy-from-env@npm:^1.1.0":
  version: 1.1.0
  resolution: "proxy-from-env@npm:1.1.0"
  checksum: 10c0/fe7dd8b1bdbbbea18d1459107729c3e4a2243ca870d26d34c2c1bcd3e4425b7bcc5112362df2d93cc7fb9746f6142b5e272fd1cc5c86ddf8580175186f6ad42b
  languageName: node
  linkType: hard

"tr46@npm:~0.0.3":
  version: 0.0.3
  resolution: "tr46@npm:0.0.3"
  checksum: 10c0/047cb209a6b60c742f05c9d3ace8fa510bff609995c129a37ace03476a9b12db4dbf975e74600830ef0796e18882b2381fb5fb1f6b4f96b832c374de3ab91a11
  languageName: node
  linkType: hard

"ts-node@npm:^10.9.2":
  version: 10.9.2
  resolution: "ts-node@npm:10.9.2"
  dependencies:
    "@cspotcode/source-map-support": "npm:^0.8.0"
    "@tsconfig/node10": "npm:^1.0.7"
    "@tsconfig/node12": "npm:^1.0.7"
    "@tsconfig/node14": "npm:^1.0.0"
    "@tsconfig/node16": "npm:^1.0.2"
    acorn: "npm:^8.4.1"
    acorn-walk: "npm:^8.1.1"
    arg: "npm:^4.1.0"
    create-require: "npm:^1.1.0"
    diff: "npm:^4.0.1"
    make-error: "npm:^1.1.1"
    v8-compile-cache-lib: "npm:^3.0.1"
    yn: "npm:3.1.1"
  peerDependencies:
    "@swc/core": ">=1.2.50"
    "@swc/wasm": ">=1.2.50"
    "@types/node": "*"
    typescript: ">=2.7"
  peerDependenciesMeta:
    "@swc/core":
      optional: true
    "@swc/wasm":
      optional: true
  bin:
    ts-node: dist/bin.js
    ts-node-cwd: dist/bin-cwd.js
    ts-node-esm: dist/bin-esm.js
    ts-node-script: dist/bin-script.js
    ts-node-transpile-only: dist/bin-transpile.js
    ts-script: dist/bin-script-deprecated.js
  checksum: 10c0/5f29938489f96982a25ba650b64218e83a3357d76f7bede80195c65ab44ad279c8357264639b7abdd5d7e75fc269a83daa0e9c62fd8637a3def67254ecc9ddc2
  languageName: node
  linkType: hard

"typescript@npm:^5.5.3":
  version: 5.5.3
  resolution: "typescript@npm:5.5.3"
  bin:
    tsc: bin/tsc
    tsserver: bin/tsserver
  checksum: 10c0/f52c71ccbc7080b034b9d3b72051d563601a4815bf3e39ded188e6ce60813f75dbedf11ad15dd4d32a12996a9ed8c7155b46c93a9b9c9bad1049766fe614bbdd
  languageName: node
  linkType: hard

"typescript@patch:typescript@npm%3A^5.5.3#optional!builtin<compat/typescript>":
  version: 5.5.3
  resolution: "typescript@patch:typescript@npm%3A5.5.3#optional!builtin<compat/typescript>::version=5.5.3&hash=b45daf"
  bin:
    tsc: bin/tsc
    tsserver: bin/tsserver
  checksum: 10c0/5a437c416251334deeaf29897157032311f3f126547cfdc4b133768b606cb0e62bcee733bb97cf74c42fe7268801aea1392d8e40988cdef112e9546eba4c03c5
  languageName: node
  linkType: hard

"undici-types@npm:~5.26.4":
  version: 5.26.5
  resolution: "undici-types@npm:5.26.5"
  checksum: 10c0/bb673d7876c2d411b6eb6c560e0c571eef4a01c1c19925175d16e3a30c4c428181fb8d7ae802a261f283e4166a0ac435e2f505743aa9e45d893f9a3df017b501
  languageName: node
  linkType: hard

"universal-user-agent@npm:^7.0.0, universal-user-agent@npm:^7.0.2":
  version: 7.0.2
  resolution: "universal-user-agent@npm:7.0.2"
  checksum: 10c0/e60517ee929813e6b3ac0ceb3c66deccafadc71341edca160279ff046319c684fd7090a60d63aa61cd34a06c2d2acebeb8c2f8d364244ae7bf8ab788e20cd8c8
  languageName: node
  linkType: hard

"v8-compile-cache-lib@npm:^3.0.1":
  version: 3.0.1
  resolution: "v8-compile-cache-lib@npm:3.0.1"
  checksum: 10c0/bdc36fb8095d3b41df197f5fb6f11e3a26adf4059df3213e3baa93810d8f0cc76f9a74aaefc18b73e91fe7e19154ed6f134eda6fded2e0f1c8d2272ed2d2d391
  languageName: node
  linkType: hard

"web-streams-polyfill@npm:4.0.0-beta.3":
  version: 4.0.0-beta.3
  resolution: "web-streams-polyfill@npm:4.0.0-beta.3"
  checksum: 10c0/a9596779db2766990117ed3a158e0b0e9f69b887a6d6ba0779940259e95f99dc3922e534acc3e5a117b5f5905300f527d6fbf8a9f0957faf1d8e585ce3452e8e
  languageName: node
  linkType: hard

"web-streams-polyfill@npm:^3.2.1":
  version: 3.3.3
  resolution: "web-streams-polyfill@npm:3.3.3"
  checksum: 10c0/64e855c47f6c8330b5436147db1c75cb7e7474d924166800e8e2aab5eb6c76aac4981a84261dd2982b3e754490900b99791c80ae1407a9fa0dcff74f82ea3a7f
  languageName: node
  linkType: hard

"webidl-conversions@npm:^3.0.0":
  version: 3.0.1
  resolution: "webidl-conversions@npm:3.0.1"
  checksum: 10c0/5612d5f3e54760a797052eb4927f0ddc01383550f542ccd33d5238cfd65aeed392a45ad38364970d0a0f4fea32e1f4d231b3d8dac4a3bdd385e5cf802ae097db
  languageName: node
  linkType: hard

"whatwg-url@npm:^5.0.0":
  version: 5.0.0
  resolution: "whatwg-url@npm:5.0.0"
  dependencies:
    tr46: "npm:~0.0.3"
    webidl-conversions: "npm:^3.0.0"
  checksum: 10c0/1588bed84d10b72d5eec1d0faa0722ba1962f1821e7539c535558fb5398d223b0c50d8acab950b8c488b4ba69043fd833cc2697056b167d8ad46fac3995a55d5
  languageName: node
  linkType: hard

"yn@npm:3.1.1":
  version: 3.1.1
  resolution: "yn@npm:3.1.1"
  checksum: 10c0/0732468dd7622ed8a274f640f191f3eaf1f39d5349a1b72836df484998d7d9807fbea094e2f5486d6b0cd2414aad5775972df0e68f8604db89a239f0f4bf7443
  languageName: node
  linkType: hard
